// !$*UTF8*$!
{
	archiveVersion = 1;
	classes = {
	};
	objectVersion = 52;
	objects = {

/* Begin PBXBuildFile section */
		229BBEBD262C6F6D001C75D8 /* IntentsUI.framework in Frameworks */ = {isa = PBXBuildFile; fileRef = 229BBEBC262C6F6D001C75D8 /* IntentsUI.framework */; settings = {ATTRIBUTES = (Weak, ); }; };
		22A6993E262B18E90064E350 /* AppDelegate.m in Sources */ = {isa = PBXBuildFile; fileRef = 22A6993D262B18E90064E350 /* AppDelegate.m */; };
		22A69941262B18E90064E350 /* SceneDelegate.m in Sources */ = {isa = PBXBuildFile; fileRef = 22A69940262B18E90064E350 /* SceneDelegate.m */; };
		22A69944262B18E90064E350 /* ViewController.m in Sources */ = {isa = PBXBuildFile; fileRef = 22A69943262B18E90064E350 /* ViewController.m */; };
		22A69947262B18E90064E350 /* Main.storyboard in Resources */ = {isa = PBXBuildFile; fileRef = 22A69945262B18E90064E350 /* Main.storyboard */; };
		22A69949262B18EA0064E350 /* Assets.xcassets in Resources */ = {isa = PBXBuildFile; fileRef = 22A69948262B18EA0064E350 /* Assets.xcassets */; };
		22A6994C262B18EA0064E350 /* LaunchScreen.storyboard in Resources */ = {isa = PBXBuildFile; fileRef = 22A6994A262B18EA0064E350 /* LaunchScreen.storyboard */; };
		22A6994F262B18EA0064E350 /* main.m in Sources */ = {isa = PBXBuildFile; fileRef = 22A6994E262B18EA0064E350 /* main.m */; };
		22BA1C7D262B5D7B00F6C766 /* ARKit.framework in Frameworks */ = {isa = PBXBuildFile; fileRef = 22BA1C7C262B5D7A00F6C766 /* ARKit.framework */; settings = {ATTRIBUTES = (Weak, ); }; };
		22BA1C7F262B5D8000F6C766 /* AVKit.framework in Frameworks */ = {isa = PBXBuildFile; fileRef = 22BA1C7E262B5D8000F6C766 /* AVKit.framework */; settings = {ATTRIBUTES = (Weak, ); }; };
		22BA1C81262B5D8600F6C766 /* ContactsUI.framework in Frameworks */ = {isa = PBXBuildFile; fileRef = 22BA1C80262B5D8600F6C766 /* ContactsUI.framework */; settings = {ATTRIBUTES = (Weak, ); }; };
		22BA1C83262B5D8C00F6C766 /* CoreAudioKit.framework in Frameworks */ = {isa = PBXBuildFile; fileRef = 22BA1C82262B5D8C00F6C766 /* CoreAudioKit.framework */; settings = {ATTRIBUTES = (Weak, ); }; };
		22BA1C85262B5D9E00F6C766 /* EventKitUI.framework in Frameworks */ = {isa = PBXBuildFile; fileRef = 22BA1C84262B5D9E00F6C766 /* EventKitUI.framework */; settings = {ATTRIBUTES = (Weak, ); }; };
		22BA1C87262B5DA400F6C766 /* HealthKitUI.framework in Frameworks */ = {isa = PBXBuildFile; fileRef = 22BA1C86262B5DA400F6C766 /* HealthKitUI.framework */; platformFilter = ios; settings = {ATTRIBUTES = (Weak, ); }; };
		22BA1C89262B5DAA00F6C766 /* MapKit.framework in Frameworks */ = {isa = PBXBuildFile; fileRef = 22BA1C88262B5DAA00F6C766 /* MapKit.framework */; settings = {ATTRIBUTES = (Weak, ); }; };
		22BA1C8B262B5DB100F6C766 /* LinkPresentation.framework in Frameworks */ = {isa = PBXBuildFile; fileRef = 22BA1C8A262B5DB100F6C766 /* LinkPresentation.framework */; settings = {ATTRIBUTES = (Weak, ); }; };
		22BA1C8D262B5DB800F6C766 /* MessageUI.framework in Frameworks */ = {isa = PBXBuildFile; fileRef = 22BA1C8C262B5DB800F6C766 /* MessageUI.framework */; settings = {ATTRIBUTES = (Weak, ); }; };
		22BA1C8F262B5DBD00F6C766 /* PassKit.framework in Frameworks */ = {isa = PBXBuildFile; fileRef = 22BA1C8E262B5DBD00F6C766 /* PassKit.framework */; settings = {ATTRIBUTES = (Weak, ); }; };
		22BA1C91262B5DC300F6C766 /* PDFKit.framework in Frameworks */ = {isa = PBXBuildFile; fileRef = 22BA1C90262B5DC300F6C766 /* PDFKit.framework */; settings = {ATTRIBUTES = (Weak, ); }; };
		22BA1C93262B5DC900F6C766 /* PencilKit.framework in Frameworks */ = {isa = PBXBuildFile; fileRef = 22BA1C92262B5DC900F6C766 /* PencilKit.framework */; settings = {ATTRIBUTES = (Weak, ); }; };
		22BA1C95262B5DCF00F6C766 /* PhotosUI.framework in Frameworks */ = {isa = PBXBuildFile; fileRef = 22BA1C94262B5DCF00F6C766 /* PhotosUI.framework */; settings = {ATTRIBUTES = (Weak, ); }; };
		22BA1C97262B5DD700F6C766 /* QuickLook.framework in Frameworks */ = {isa = PBXBuildFile; fileRef = 22BA1C96262B5DD700F6C766 /* QuickLook.framework */; settings = {ATTRIBUTES = (Weak, ); }; };
		22BA1C99262B5DDD00F6C766 /* SafariServices.framework in Frameworks */ = {isa = PBXBuildFile; fileRef = 22BA1C98262B5DDD00F6C766 /* SafariServices.framework */; settings = {ATTRIBUTES = (Weak, ); }; };
		22BA1C9B262B5DE200F6C766 /* ScreenTime.framework in Frameworks */ = {isa = PBXBuildFile; fileRef = 22BA1C9A262B5DE100F6C766 /* ScreenTime.framework */; settings = {ATTRIBUTES = (Weak, ); }; };
		22BA1C9D262B5DE800F6C766 /* Social.framework in Frameworks */ = {isa = PBXBuildFile; fileRef = 22BA1C9C262B5DE800F6C766 /* Social.framework */; settings = {ATTRIBUTES = (Weak, ); }; };
		22BA1C9F262B5DEE00F6C766 /* Twitter.framework in Frameworks */ = {isa = PBXBuildFile; fileRef = 22BA1C9E262B5DEE00F6C766 /* Twitter.framework */; settings = {ATTRIBUTES = (Weak, ); }; };
		22BA1CA1262B5DF400F6C766 /* WebKit.framework in Frameworks */ = {isa = PBXBuildFile; fileRef = 22BA1CA0262B5DF400F6C766 /* WebKit.framework */; settings = {ATTRIBUTES = (Weak, ); }; };
		22BA1CA3262B5DFA00F6C766 /* VisionKit.framework in Frameworks */ = {isa = PBXBuildFile; fileRef = 22BA1CA2262B5DFA00F6C766 /* VisionKit.framework */; settings = {ATTRIBUTES = (Weak, ); }; };
		22BA1CA5262B5E4B00F6C766 /* ReplayKit.framework in Frameworks */ = {isa = PBXBuildFile; fileRef = 22BA1CA4262B5E4B00F6C766 /* ReplayKit.framework */; settings = {ATTRIBUTES = (Weak, ); }; };
		22C67078262B696600327FAF /* AuthenticationServices.framework in Frameworks */ = {isa = PBXBuildFile; fileRef = 22C67077262B696600327FAF /* AuthenticationServices.framework */; settings = {ATTRIBUTES = (Weak, ); }; };
/* End PBXBuildFile section */

/* Begin PBXFileReference section */
		229BBEBC262C6F6D001C75D8 /* IntentsUI.framework */ = {isa = PBXFileReference; lastKnownFileType = wrapper.framework; name = IntentsUI.framework; path = Platforms/MacOSX.platform/Developer/SDKs/MacOSX11.1.sdk/System/iOSSupport/System/Library/Frameworks/IntentsUI.framework; sourceTree = DEVELOPER_DIR; };
		22A69939262B18E80064E350 /* ViewControllerPresenter.app */ = {isa = PBXFileReference; explicitFileType = wrapper.application; includeInIndex = 0; path = ViewControllerPresenter.app; sourceTree = BUILT_PRODUCTS_DIR; };
		22A6993C262B18E80064E350 /* AppDelegate.h */ = {isa = PBXFileReference; lastKnownFileType = sourcecode.c.h; path = AppDelegate.h; sourceTree = "<group>"; };
		22A6993D262B18E90064E350 /* AppDelegate.m */ = {isa = PBXFileReference; lastKnownFileType = sourcecode.c.objc; path = AppDelegate.m; sourceTree = "<group>"; };
		22A6993F262B18E90064E350 /* SceneDelegate.h */ = {isa = PBXFileReference; lastKnownFileType = sourcecode.c.h; path = SceneDelegate.h; sourceTree = "<group>"; };
		22A69940262B18E90064E350 /* SceneDelegate.m */ = {isa = PBXFileReference; lastKnownFileType = sourcecode.c.objc; path = SceneDelegate.m; sourceTree = "<group>"; };
		22A69942262B18E90064E350 /* ViewController.h */ = {isa = PBXFileReference; lastKnownFileType = sourcecode.c.h; path = ViewController.h; sourceTree = "<group>"; };
		22A69943262B18E90064E350 /* ViewController.m */ = {isa = PBXFileReference; lastKnownFileType = sourcecode.c.objc; path = ViewController.m; sourceTree = "<group>"; };
		22A69946262B18E90064E350 /* Base */ = {isa = PBXFileReference; lastKnownFileType = file.storyboard; name = Base; path = Base.lproj/Main.storyboard; sourceTree = "<group>"; };
		22A69948262B18EA0064E350 /* Assets.xcassets */ = {isa = PBXFileReference; lastKnownFileType = folder.assetcatalog; path = Assets.xcassets; sourceTree = "<group>"; };
		22A6994B262B18EA0064E350 /* Base */ = {isa = PBXFileReference; lastKnownFileType = file.storyboard; name = Base; path = Base.lproj/LaunchScreen.storyboard; sourceTree = "<group>"; };
		22A6994D262B18EA0064E350 /* Info.plist */ = {isa = PBXFileReference; lastKnownFileType = text.plist.xml; path = Info.plist; sourceTree = "<group>"; };
		22A6994E262B18EA0064E350 /* main.m */ = {isa = PBXFileReference; lastKnownFileType = sourcecode.c.objc; path = main.m; sourceTree = "<group>"; };
		22A69956262B19A40064E350 /* ViewControllerPresenter.entitlements */ = {isa = PBXFileReference; lastKnownFileType = text.plist.entitlements; path = ViewControllerPresenter.entitlements; sourceTree = "<group>"; };
		22BA1C7C262B5D7A00F6C766 /* ARKit.framework */ = {isa = PBXFileReference; lastKnownFileType = wrapper.framework; name = ARKit.framework; path = Platforms/MacOSX.platform/Developer/SDKs/MacOSX11.1.sdk/System/iOSSupport/System/Library/Frameworks/ARKit.framework; sourceTree = DEVELOPER_DIR; };
		22BA1C7E262B5D8000F6C766 /* AVKit.framework */ = {isa = PBXFileReference; lastKnownFileType = wrapper.framework; name = AVKit.framework; path = Platforms/MacOSX.platform/Developer/SDKs/MacOSX11.1.sdk/System/iOSSupport/System/Library/Frameworks/AVKit.framework; sourceTree = DEVELOPER_DIR; };
		22BA1C80262B5D8600F6C766 /* ContactsUI.framework */ = {isa = PBXFileReference; lastKnownFileType = wrapper.framework; name = ContactsUI.framework; path = Platforms/MacOSX.platform/Developer/SDKs/MacOSX11.1.sdk/System/iOSSupport/System/Library/Frameworks/ContactsUI.framework; sourceTree = DEVELOPER_DIR; };
		22BA1C82262B5D8C00F6C766 /* CoreAudioKit.framework */ = {isa = PBXFileReference; lastKnownFileType = wrapper.framework; name = CoreAudioKit.framework; path = Platforms/MacOSX.platform/Developer/SDKs/MacOSX11.1.sdk/System/iOSSupport/System/Library/Frameworks/CoreAudioKit.framework; sourceTree = DEVELOPER_DIR; };
		22BA1C84262B5D9E00F6C766 /* EventKitUI.framework */ = {isa = PBXFileReference; lastKnownFileType = wrapper.framework; name = EventKitUI.framework; path = Platforms/MacOSX.platform/Developer/SDKs/MacOSX11.1.sdk/System/iOSSupport/System/Library/Frameworks/EventKitUI.framework; sourceTree = DEVELOPER_DIR; };
		22BA1C86262B5DA400F6C766 /* HealthKitUI.framework */ = {isa = PBXFileReference; lastKnownFileType = wrapper.framework; name = HealthKitUI.framework; path = Platforms/MacOSX.platform/Developer/SDKs/MacOSX11.1.sdk/System/iOSSupport/System/Library/Frameworks/HealthKitUI.framework; sourceTree = DEVELOPER_DIR; };
		22BA1C88262B5DAA00F6C766 /* MapKit.framework */ = {isa = PBXFileReference; lastKnownFileType = wrapper.framework; name = MapKit.framework; path = Platforms/MacOSX.platform/Developer/SDKs/MacOSX11.1.sdk/System/iOSSupport/System/Library/Frameworks/MapKit.framework; sourceTree = DEVELOPER_DIR; };
		22BA1C8A262B5DB100F6C766 /* LinkPresentation.framework */ = {isa = PBXFileReference; lastKnownFileType = wrapper.framework; name = LinkPresentation.framework; path = Platforms/MacOSX.platform/Developer/SDKs/MacOSX11.1.sdk/System/iOSSupport/System/Library/Frameworks/LinkPresentation.framework; sourceTree = DEVELOPER_DIR; };
		22BA1C8C262B5DB800F6C766 /* MessageUI.framework */ = {isa = PBXFileReference; lastKnownFileType = wrapper.framework; name = MessageUI.framework; path = Platforms/MacOSX.platform/Developer/SDKs/MacOSX11.1.sdk/System/iOSSupport/System/Library/Frameworks/MessageUI.framework; sourceTree = DEVELOPER_DIR; };
		22BA1C8E262B5DBD00F6C766 /* PassKit.framework */ = {isa = PBXFileReference; lastKnownFileType = wrapper.framework; name = PassKit.framework; path = Platforms/MacOSX.platform/Developer/SDKs/MacOSX11.1.sdk/System/iOSSupport/System/Library/Frameworks/PassKit.framework; sourceTree = DEVELOPER_DIR; };
		22BA1C90262B5DC300F6C766 /* PDFKit.framework */ = {isa = PBXFileReference; lastKnownFileType = wrapper.framework; name = PDFKit.framework; path = Platforms/MacOSX.platform/Developer/SDKs/MacOSX11.1.sdk/System/iOSSupport/System/Library/Frameworks/PDFKit.framework; sourceTree = DEVELOPER_DIR; };
		22BA1C92262B5DC900F6C766 /* PencilKit.framework */ = {isa = PBXFileReference; lastKnownFileType = wrapper.framework; name = PencilKit.framework; path = Platforms/MacOSX.platform/Developer/SDKs/MacOSX11.1.sdk/System/iOSSupport/System/Library/Frameworks/PencilKit.framework; sourceTree = DEVELOPER_DIR; };
		22BA1C94262B5DCF00F6C766 /* PhotosUI.framework */ = {isa = PBXFileReference; lastKnownFileType = wrapper.framework; name = PhotosUI.framework; path = Platforms/MacOSX.platform/Developer/SDKs/MacOSX11.1.sdk/System/iOSSupport/System/Library/Frameworks/PhotosUI.framework; sourceTree = DEVELOPER_DIR; };
		22BA1C96262B5DD700F6C766 /* QuickLook.framework */ = {isa = PBXFileReference; lastKnownFileType = wrapper.framework; name = QuickLook.framework; path = Platforms/MacOSX.platform/Developer/SDKs/MacOSX11.1.sdk/System/iOSSupport/System/Library/Frameworks/QuickLook.framework; sourceTree = DEVELOPER_DIR; };
		22BA1C98262B5DDD00F6C766 /* SafariServices.framework */ = {isa = PBXFileReference; lastKnownFileType = wrapper.framework; name = SafariServices.framework; path = Platforms/MacOSX.platform/Developer/SDKs/MacOSX11.1.sdk/System/iOSSupport/System/Library/Frameworks/SafariServices.framework; sourceTree = DEVELOPER_DIR; };
		22BA1C9A262B5DE100F6C766 /* ScreenTime.framework */ = {isa = PBXFileReference; lastKnownFileType = wrapper.framework; name = ScreenTime.framework; path = Platforms/MacOSX.platform/Developer/SDKs/MacOSX11.1.sdk/System/iOSSupport/System/Library/Frameworks/ScreenTime.framework; sourceTree = DEVELOPER_DIR; };
		22BA1C9C262B5DE800F6C766 /* Social.framework */ = {isa = PBXFileReference; lastKnownFileType = wrapper.framework; name = Social.framework; path = Platforms/MacOSX.platform/Developer/SDKs/MacOSX11.1.sdk/System/iOSSupport/System/Library/Frameworks/Social.framework; sourceTree = DEVELOPER_DIR; };
		22BA1C9E262B5DEE00F6C766 /* Twitter.framework */ = {isa = PBXFileReference; lastKnownFileType = wrapper.framework; name = Twitter.framework; path = Platforms/MacOSX.platform/Developer/SDKs/MacOSX11.1.sdk/System/iOSSupport/System/Library/Frameworks/Twitter.framework; sourceTree = DEVELOPER_DIR; };
		22BA1CA0262B5DF400F6C766 /* WebKit.framework */ = {isa = PBXFileReference; lastKnownFileType = wrapper.framework; name = WebKit.framework; path = Platforms/MacOSX.platform/Developer/SDKs/MacOSX11.1.sdk/System/iOSSupport/System/Library/Frameworks/WebKit.framework; sourceTree = DEVELOPER_DIR; };
		22BA1CA2262B5DFA00F6C766 /* VisionKit.framework */ = {isa = PBXFileReference; lastKnownFileType = wrapper.framework; name = VisionKit.framework; path = Platforms/MacOSX.platform/Developer/SDKs/MacOSX11.1.sdk/System/iOSSupport/System/Library/Frameworks/VisionKit.framework; sourceTree = DEVELOPER_DIR; };
		22BA1CA4262B5E4B00F6C766 /* ReplayKit.framework */ = {isa = PBXFileReference; lastKnownFileType = wrapper.framework; name = ReplayKit.framework; path = Platforms/MacOSX.platform/Developer/SDKs/MacOSX11.1.sdk/System/iOSSupport/System/Library/Frameworks/ReplayKit.framework; sourceTree = DEVELOPER_DIR; };
		22BA1CA6262B5E5800F6C766 /* SwiftUI.framework */ = {isa = PBXFileReference; lastKnownFileType = wrapper.framework; name = SwiftUI.framework; path = Platforms/MacOSX.platform/Developer/SDKs/MacOSX11.1.sdk/System/iOSSupport/System/Library/Frameworks/SwiftUI.framework; sourceTree = DEVELOPER_DIR; };
		22BA1CAB262B622400F6C766 /* SceneKit.framework */ = {isa = PBXFileReference; lastKnownFileType = wrapper.framework; name = SceneKit.framework; path = Platforms/MacOSX.platform/Developer/SDKs/MacOSX11.1.sdk/System/iOSSupport/System/Library/Frameworks/SceneKit.framework; sourceTree = DEVELOPER_DIR; };
		22C67077262B696600327FAF /* AuthenticationServices.framework */ = {isa = PBXFileReference; lastKnownFileType = wrapper.framework; name = AuthenticationServices.framework; path = Platforms/MacOSX.platform/Developer/SDKs/MacOSX11.1.sdk/System/iOSSupport/System/Library/Frameworks/AuthenticationServices.framework; sourceTree = DEVELOPER_DIR; };
/* End PBXFileReference section */

/* Begin PBXFrameworksBuildPhase section */
		22A69936262B18E80064E350 /* Frameworks */ = {
			isa = PBXFrameworksBuildPhase;
			buildActionMask = 2147483647;
			files = (
				229BBEBD262C6F6D001C75D8 /* IntentsUI.framework in Frameworks */,
				22BA1C8B262B5DB100F6C766 /* LinkPresentation.framework in Frameworks */,
				22BA1C91262B5DC300F6C766 /* PDFKit.framework in Frameworks */,
				22BA1C95262B5DCF00F6C766 /* PhotosUI.framework in Frameworks */,
				22BA1CA3262B5DFA00F6C766 /* VisionKit.framework in Frameworks */,
				22C67078262B696600327FAF /* AuthenticationServices.framework in Frameworks */,
				22BA1C93262B5DC900F6C766 /* PencilKit.framework in Frameworks */,
				22BA1C81262B5D8600F6C766 /* ContactsUI.framework in Frameworks */,
				22BA1C83262B5D8C00F6C766 /* CoreAudioKit.framework in Frameworks */,
				22BA1C7F262B5D8000F6C766 /* AVKit.framework in Frameworks */,
				22BA1C9D262B5DE800F6C766 /* Social.framework in Frameworks */,
				22BA1CA5262B5E4B00F6C766 /* ReplayKit.framework in Frameworks */,
				22BA1C9F262B5DEE00F6C766 /* Twitter.framework in Frameworks */,
				22BA1C7D262B5D7B00F6C766 /* ARKit.framework in Frameworks */,
				22BA1C89262B5DAA00F6C766 /* MapKit.framework in Frameworks */,
				22BA1C97262B5DD700F6C766 /* QuickLook.framework in Frameworks */,
				22BA1C8F262B5DBD00F6C766 /* PassKit.framework in Frameworks */,
				22BA1C85262B5D9E00F6C766 /* EventKitUI.framework in Frameworks */,
				22BA1C87262B5DA400F6C766 /* HealthKitUI.framework in Frameworks */,
				22BA1C8D262B5DB800F6C766 /* MessageUI.framework in Frameworks */,
				22BA1C99262B5DDD00F6C766 /* SafariServices.framework in Frameworks */,
				22BA1CA1262B5DF400F6C766 /* WebKit.framework in Frameworks */,
				22BA1C9B262B5DE200F6C766 /* ScreenTime.framework in Frameworks */,
			);
			runOnlyForDeploymentPostprocessing = 0;
		};
/* End PBXFrameworksBuildPhase section */

/* Begin PBXGroup section */
		22A69930262B18E80064E350 = {
			isa = PBXGroup;
			children = (
				22A6993B262B18E80064E350 /* ViewControllerPresenter */,
				22A6993A262B18E80064E350 /* Products */,
				22BA1C7B262B5D7A00F6C766 /* Frameworks */,
			);
			sourceTree = "<group>";
		};
		22A6993A262B18E80064E350 /* Products */ = {
			isa = PBXGroup;
			children = (
				22A69939262B18E80064E350 /* ViewControllerPresenter.app */,
			);
			name = Products;
			sourceTree = "<group>";
		};
		22A6993B262B18E80064E350 /* ViewControllerPresenter */ = {
			isa = PBXGroup;
			children = (
				22A69956262B19A40064E350 /* ViewControllerPresenter.entitlements */,
				22A6993C262B18E80064E350 /* AppDelegate.h */,
				22A6993D262B18E90064E350 /* AppDelegate.m */,
				22A6993F262B18E90064E350 /* SceneDelegate.h */,
				22A69940262B18E90064E350 /* SceneDelegate.m */,
				22A69942262B18E90064E350 /* ViewController.h */,
				22A69943262B18E90064E350 /* ViewController.m */,
				22A69945262B18E90064E350 /* Main.storyboard */,
				22A69948262B18EA0064E350 /* Assets.xcassets */,
				22A6994A262B18EA0064E350 /* LaunchScreen.storyboard */,
				22A6994D262B18EA0064E350 /* Info.plist */,
				22A6994E262B18EA0064E350 /* main.m */,
			);
			path = ViewControllerPresenter;
			sourceTree = "<group>";
		};
		22BA1C7B262B5D7A00F6C766 /* Frameworks */ = {
			isa = PBXGroup;
			children = (
				229BBEBC262C6F6D001C75D8 /* IntentsUI.framework */,
				22C67077262B696600327FAF /* AuthenticationServices.framework */,
				22BA1CAB262B622400F6C766 /* SceneKit.framework */,
				22BA1CA6262B5E5800F6C766 /* SwiftUI.framework */,
				22BA1CA4262B5E4B00F6C766 /* ReplayKit.framework */,
				22BA1CA2262B5DFA00F6C766 /* VisionKit.framework */,
				22BA1CA0262B5DF400F6C766 /* WebKit.framework */,
				22BA1C9E262B5DEE00F6C766 /* Twitter.framework */,
				22BA1C9C262B5DE800F6C766 /* Social.framework */,
				22BA1C9A262B5DE100F6C766 /* ScreenTime.framework */,
				22BA1C98262B5DDD00F6C766 /* SafariServices.framework */,
				22BA1C96262B5DD700F6C766 /* QuickLook.framework */,
				22BA1C94262B5DCF00F6C766 /* PhotosUI.framework */,
				22BA1C92262B5DC900F6C766 /* PencilKit.framework */,
				22BA1C90262B5DC300F6C766 /* PDFKit.framework */,
				22BA1C8E262B5DBD00F6C766 /* PassKit.framework */,
				22BA1C8C262B5DB800F6C766 /* MessageUI.framework */,
				22BA1C8A262B5DB100F6C766 /* LinkPresentation.framework */,
				22BA1C88262B5DAA00F6C766 /* MapKit.framework */,
				22BA1C86262B5DA400F6C766 /* HealthKitUI.framework */,
				22BA1C84262B5D9E00F6C766 /* EventKitUI.framework */,
				22BA1C82262B5D8C00F6C766 /* CoreAudioKit.framework */,
				22BA1C80262B5D8600F6C766 /* ContactsUI.framework */,
				22BA1C7E262B5D8000F6C766 /* AVKit.framework */,
				22BA1C7C262B5D7A00F6C766 /* ARKit.framework */,
			);
			name = Frameworks;
			sourceTree = "<group>";
		};
/* End PBXGroup section */

/* Begin PBXNativeTarget section */
		22A69938262B18E80064E350 /* ViewControllerPresenter */ = {
			isa = PBXNativeTarget;
			buildConfigurationList = 22A69952262B18EA0064E350 /* Build configuration list for PBXNativeTarget "ViewControllerPresenter" */;
			buildPhases = (
				22A69935262B18E80064E350 /* Sources */,
				22A69936262B18E80064E350 /* Frameworks */,
				22A69937262B18E80064E350 /* Resources */,
			);
			buildRules = (
			);
			dependencies = (
			);
			name = ViewControllerPresenter;
			productName = ViewControllerPresenter;
			productReference = 22A69939262B18E80064E350 /* ViewControllerPresenter.app */;
			productType = "com.apple.product-type.application";
		};
/* End PBXNativeTarget section */

/* Begin PBXProject section */
		22A69931262B18E80064E350 /* Project object */ = {
			isa = PBXProject;
			attributes = {
				LastUpgradeCheck = 1240;
				TargetAttributes = {
					22A69938262B18E80064E350 = {
						CreatedOnToolsVersion = 12.4;
					};
				};
			};
			buildConfigurationList = 22A69934262B18E80064E350 /* Build configuration list for PBXProject "ViewControllerPresenter" */;
			compatibilityVersion = "Xcode 9.3";
			developmentRegion = en;
			hasScannedForEncodings = 0;
			knownRegions = (
				en,
				Base,
			);
			mainGroup = 22A69930262B18E80064E350;
			productRefGroup = 22A6993A262B18E80064E350 /* Products */;
			projectDirPath = "";
			projectRoot = "";
			targets = (
				22A69938262B18E80064E350 /* ViewControllerPresenter */,
			);
		};
/* End PBXProject section */

/* Begin PBXResourcesBuildPhase section */
		22A69937262B18E80064E350 /* Resources */ = {
			isa = PBXResourcesBuildPhase;
			buildActionMask = 2147483647;
			files = (
				22A6994C262B18EA0064E350 /* LaunchScreen.storyboard in Resources */,
				22A69949262B18EA0064E350 /* Assets.xcassets in Resources */,
				22A69947262B18E90064E350 /* Main.storyboard in Resources */,
			);
			runOnlyForDeploymentPostprocessing = 0;
		};
/* End PBXResourcesBuildPhase section */

/* Begin PBXSourcesBuildPhase section */
		22A69935262B18E80064E350 /* Sources */ = {
			isa = PBXSourcesBuildPhase;
			buildActionMask = 2147483647;
			files = (
				22A69944262B18E90064E350 /* ViewController.m in Sources */,
				22A6993E262B18E90064E350 /* AppDelegate.m in Sources */,
				22A6994F262B18EA0064E350 /* main.m in Sources */,
				22A69941262B18E90064E350 /* SceneDelegate.m in Sources */,
			);
			runOnlyForDeploymentPostprocessing = 0;
		};
/* End PBXSourcesBuildPhase section */

/* Begin PBXVariantGroup section */
		22A69945262B18E90064E350 /* Main.storyboard */ = {
			isa = PBXVariantGroup;
			children = (
				22A69946262B18E90064E350 /* Base */,
			);
			name = Main.storyboard;
			sourceTree = "<group>";
		};
		22A6994A262B18EA0064E350 /* LaunchScreen.storyboard */ = {
			isa = PBXVariantGroup;
			children = (
				22A6994B262B18EA0064E350 /* Base */,
			);
			name = LaunchScreen.storyboard;
			sourceTree = "<group>";
		};
/* End PBXVariantGroup section */

/* Begin XCBuildConfiguration section */
		22A69950262B18EA0064E350 /* Debug */ = {
			isa = XCBuildConfiguration;
			buildSettings = {
				ALWAYS_SEARCH_USER_PATHS = NO;
				CLANG_ANALYZER_NONNULL = YES;
				CLANG_ANALYZER_NUMBER_OBJECT_CONVERSION = YES_AGGRESSIVE;
				CLANG_CXX_LANGUAGE_STANDARD = "gnu++14";
				CLANG_CXX_LIBRARY = "libc++";
				CLANG_ENABLE_MODULES = YES;
				CLANG_ENABLE_OBJC_ARC = YES;
				CLANG_ENABLE_OBJC_WEAK = YES;
				CLANG_WARN_BLOCK_CAPTURE_AUTORELEASING = YES;
				CLANG_WARN_BOOL_CONVERSION = YES;
				CLANG_WARN_COMMA = YES;
				CLANG_WARN_CONSTANT_CONVERSION = YES;
				CLANG_WARN_DEPRECATED_OBJC_IMPLEMENTATIONS = YES;
				CLANG_WARN_DIRECT_OBJC_ISA_USAGE = YES_ERROR;
				CLANG_WARN_DOCUMENTATION_COMMENTS = YES;
				CLANG_WARN_EMPTY_BODY = YES;
				CLANG_WARN_ENUM_CONVERSION = YES;
				CLANG_WARN_INFINITE_RECURSION = YES;
				CLANG_WARN_INT_CONVERSION = YES;
				CLANG_WARN_NON_LITERAL_NULL_CONVERSION = YES;
				CLANG_WARN_OBJC_IMPLICIT_RETAIN_SELF = YES;
				CLANG_WARN_OBJC_LITERAL_CONVERSION = YES;
				CLANG_WARN_OBJC_ROOT_CLASS = YES_ERROR;
				CLANG_WARN_QUOTED_INCLUDE_IN_FRAMEWORK_HEADER = YES;
				CLANG_WARN_RANGE_LOOP_ANALYSIS = YES;
				CLANG_WARN_STRICT_PROTOTYPES = YES;
				CLANG_WARN_SUSPICIOUS_MOVE = YES;
				CLANG_WARN_UNGUARDED_AVAILABILITY = YES_AGGRESSIVE;
				CLANG_WARN_UNREACHABLE_CODE = YES;
				CLANG_WARN__DUPLICATE_METHOD_MATCH = YES;
				COPY_PHASE_STRIP = NO;
				DEBUG_INFORMATION_FORMAT = dwarf;
				ENABLE_STRICT_OBJC_MSGSEND = YES;
				ENABLE_TESTABILITY = YES;
				GCC_C_LANGUAGE_STANDARD = gnu11;
				GCC_DYNAMIC_NO_PIC = NO;
				GCC_NO_COMMON_BLOCKS = YES;
				GCC_OPTIMIZATION_LEVEL = 0;
				GCC_PREPROCESSOR_DEFINITIONS = (
					"DEBUG=1",
					"$(inherited)",
				);
				GCC_WARN_64_TO_32_BIT_CONVERSION = YES;
				GCC_WARN_ABOUT_RETURN_TYPE = YES_ERROR;
				GCC_WARN_UNDECLARED_SELECTOR = YES;
				GCC_WARN_UNINITIALIZED_AUTOS = YES_AGGRESSIVE;
				GCC_WARN_UNUSED_FUNCTION = YES;
				GCC_WARN_UNUSED_VARIABLE = YES;
				IPHONEOS_DEPLOYMENT_TARGET = 14.4;
				MTL_ENABLE_DEBUG_INFO = INCLUDE_SOURCE;
				MTL_FAST_MATH = YES;
				ONLY_ACTIVE_ARCH = YES;
				SDKROOT = iphoneos;
			};
			name = Debug;
		};
		22A69951262B18EA0064E350 /* Release */ = {
			isa = XCBuildConfiguration;
			buildSettings = {
				ALWAYS_SEARCH_USER_PATHS = NO;
				CLANG_ANALYZER_NONNULL = YES;
				CLANG_ANALYZER_NUMBER_OBJECT_CONVERSION = YES_AGGRESSIVE;
				CLANG_CXX_LANGUAGE_STANDARD = "gnu++14";
				CLANG_CXX_LIBRARY = "libc++";
				CLANG_ENABLE_MODULES = YES;
				CLANG_ENABLE_OBJC_ARC = YES;
				CLANG_ENABLE_OBJC_WEAK = YES;
				CLANG_WARN_BLOCK_CAPTURE_AUTORELEASING = YES;
				CLANG_WARN_BOOL_CONVERSION = YES;
				CLANG_WARN_COMMA = YES;
				CLANG_WARN_CONSTANT_CONVERSION = YES;
				CLANG_WARN_DEPRECATED_OBJC_IMPLEMENTATIONS = YES;
				CLANG_WARN_DIRECT_OBJC_ISA_USAGE = YES_ERROR;
				CLANG_WARN_DOCUMENTATION_COMMENTS = YES;
				CLANG_WARN_EMPTY_BODY = YES;
				CLANG_WARN_ENUM_CONVERSION = YES;
				CLANG_WARN_INFINITE_RECURSION = YES;
				CLANG_WARN_INT_CONVERSION = YES;
				CLANG_WARN_NON_LITERAL_NULL_CONVERSION = YES;
				CLANG_WARN_OBJC_IMPLICIT_RETAIN_SELF = YES;
				CLANG_WARN_OBJC_LITERAL_CONVERSION = YES;
				CLANG_WARN_OBJC_ROOT_CLASS = YES_ERROR;
				CLANG_WARN_QUOTED_INCLUDE_IN_FRAMEWORK_HEADER = YES;
				CLANG_WARN_RANGE_LOOP_ANALYSIS = YES;
				CLANG_WARN_STRICT_PROTOTYPES = YES;
				CLANG_WARN_SUSPICIOUS_MOVE = YES;
				CLANG_WARN_UNGUARDED_AVAILABILITY = YES_AGGRESSIVE;
				CLANG_WARN_UNREACHABLE_CODE = YES;
				CLANG_WARN__DUPLICATE_METHOD_MATCH = YES;
				COPY_PHASE_STRIP = NO;
				DEBUG_INFORMATION_FORMAT = "dwarf-with-dsym";
				ENABLE_NS_ASSERTIONS = NO;
				ENABLE_STRICT_OBJC_MSGSEND = YES;
				GCC_C_LANGUAGE_STANDARD = gnu11;
				GCC_NO_COMMON_BLOCKS = YES;
				GCC_WARN_64_TO_32_BIT_CONVERSION = YES;
				GCC_WARN_ABOUT_RETURN_TYPE = YES_ERROR;
				GCC_WARN_UNDECLARED_SELECTOR = YES;
				GCC_WARN_UNINITIALIZED_AUTOS = YES_AGGRESSIVE;
				GCC_WARN_UNUSED_FUNCTION = YES;
				GCC_WARN_UNUSED_VARIABLE = YES;
				IPHONEOS_DEPLOYMENT_TARGET = 14.4;
				MTL_ENABLE_DEBUG_INFO = NO;
				MTL_FAST_MATH = YES;
				SDKROOT = iphoneos;
				VALIDATE_PRODUCT = YES;
			};
			name = Release;
		};
		22A69953262B18EA0064E350 /* Debug */ = {
			isa = XCBuildConfiguration;
			buildSettings = {
				ASSETCATALOG_COMPILER_APPICON_NAME = AppIcon;
				ASSETCATALOG_COMPILER_GLOBAL_ACCENT_COLOR_NAME = AccentColor;
				CODE_SIGN_ENTITLEMENTS = ViewControllerPresenter/ViewControllerPresenter.entitlements;
				CODE_SIGN_STYLE = Automatic;
				DEVELOPMENT_TEAM = DC7TWT94U4;
				"ENABLE_HARDENED_RUNTIME[sdk=macosx*]" = NO;
				INFOPLIST_FILE = ViewControllerPresenter/Info.plist;
				IPHONEOS_DEPLOYMENT_TARGET = 13.0;
				LD_RUNPATH_SEARCH_PATHS = (
					"$(inherited)",
					"@executable_path/Frameworks",
				);
				PRODUCT_BUNDLE_IDENTIFIER = "com.example.apple-samplecode.frutaDC7TWT94U4";
				PRODUCT_NAME = "$(TARGET_NAME)";
				SUPPORTS_MACCATALYST = YES;
				TARGETED_DEVICE_FAMILY = "1,2";
			};
			name = Debug;
		};
		22A69954262B18EA0064E350 /* Release */ = {
			isa = XCBuildConfiguration;
			buildSettings = {
				ASSETCATALOG_COMPILER_APPICON_NAME = AppIcon;
				ASSETCATALOG_COMPILER_GLOBAL_ACCENT_COLOR_NAME = AccentColor;
				CODE_SIGN_ENTITLEMENTS = ViewControllerPresenter/ViewControllerPresenter.entitlements;
				CODE_SIGN_STYLE = Automatic;
				DEVELOPMENT_TEAM = DC7TWT94U4;
				"ENABLE_HARDENED_RUNTIME[sdk=macosx*]" = NO;
				INFOPLIST_FILE = ViewControllerPresenter/Info.plist;
				IPHONEOS_DEPLOYMENT_TARGET = 13.0;
				LD_RUNPATH_SEARCH_PATHS = (
					"$(inherited)",
					"@executable_path/Frameworks",
				);
				PRODUCT_BUNDLE_IDENTIFIER = "com.example.apple-samplecode.frutaDC7TWT94U4";
				PRODUCT_NAME = "$(TARGET_NAME)";
				SUPPORTS_MACCATALYST = YES;
				TARGETED_DEVICE_FAMILY = "1,2";
			};
			name = Release;
		};
/* End XCBuildConfiguration section */

/* Begin XCConfigurationList section */
		22A69934262B18E80064E350 /* Build configuration list for PBXProject "ViewControllerPresenter" */ = {
			isa = XCConfigurationList;
			buildConfigurations = (
				22A69950262B18EA0064E350 /* Debug */,
				22A69951262B18EA0064E350 /* Release */,
			);
			defaultConfigurationIsVisible = 0;
			defaultConfigurationName = Release;
		};
		22A69952262B18EA0064E350 /* Build configuration list for PBXNativeTarget "ViewControllerPresenter" */ = {
			isa = XCConfigurationList;
			buildConfigurations = (
				22A69953262B18EA0064E350 /* Debug */,
				22A69954262B18EA0064E350 /* Release */,
			);
			defaultConfigurationIsVisible = 0;
			defaultConfigurationName = Release;
		};
/* End XCConfigurationList section */
	};
	rootObject = 22A69931262B18E80064E350 /* Project object */;
}
